
Microsoft Visual Studio Solution File, Format Version 12.00
# Visual Studio 2012
# SharpDevelop 5.0
VisualStudioVersion = 12.0.21005.1
MinimumVisualStudioVersion = 10.0.40219.1
Project("{FAE04EC0-301F-11D3-BF4B-00C04F79EFBC}") = "RWTorrent", "RWTorrent\RWTorrent.csproj", "{79FC4477-ABD2-44FC-968D-EB2917CB4CBE}"
EndProject
Project("{FAE04EC0-301F-11D3-BF4B-00C04F79EFBC}") = "RWTorrent Tests", "RWTorrent Tests\RWTorrent Tests.csproj", "{96D6A248-20F9-4A28-879C-3DE82AAB15F6}"
EndProject
Project("{FAE04EC0-301F-11D3-BF4B-00C04F79EFBC}") = "Client", "Client\Client.csproj", "{27793AA5-B775-4DF3-A3CB-A306533BA973}"
EndProject
Global
	GlobalSection(SolutionConfigurationPlatforms) = preSolution
		Debug|Any CPU = Debug|Any CPU
		Release|Any CPU = Release|Any CPU
	EndGlobalSection
	GlobalSection(ProjectConfigurationPlatforms) = postSolution
		{79FC4477-ABD2-44FC-968D-EB2917CB4CBE}.Debug|Any CPU.ActiveCfg = Debug|Any CPU
		{79FC4477-ABD2-44FC-968D-EB2917CB4CBE}.Debug|Any CPU.Build.0 = Debug|Any CPU
		{79FC4477-ABD2-44FC-968D-EB2917CB4CBE}.Release|Any CPU.ActiveCfg = Release|Any CPU
		{79FC4477-ABD2-44FC-968D-EB2917CB4CBE}.Release|Any CPU.Build.0 = Release|Any CPU
		{96D6A248-20F9-4A28-879C-3DE82AAB15F6}.Debug|Any CPU.ActiveCfg = Debug|Any CPU
		{96D6A248-20F9-4A28-879C-3DE82AAB15F6}.Debug|Any CPU.Build.0 = Debug|Any CPU
		{96D6A248-20F9-4A28-879C-3DE82AAB15F6}.Release|Any CPU.ActiveCfg = Release|Any CPU
		{96D6A248-20F9-4A28-879C-3DE82AAB15F6}.Release|Any CPU.Build.0 = Release|Any CPU
		{27793AA5-B775-4DF3-A3CB-A306533BA973}.Debug|Any CPU.ActiveCfg = Debug|Any CPU
		{27793AA5-B775-4DF3-A3CB-A306533BA973}.Debug|Any CPU.Build.0 = Debug|Any CPU
		{27793AA5-B775-4DF3-A3CB-A306533BA973}.Release|Any CPU.ActiveCfg = Release|Any CPU
		{27793AA5-B775-4DF3-A3CB-A306533BA973}.Release|Any CPU.Build.0 = Release|Any CPU
	EndGlobalSection
	GlobalSection(SolutionProperties) = preSolution
		HideSolutionNode = FALSE
	EndGlobalSection
EndGlobal
